
Microsoft Visual Studio Solution File, Format Version 12.00
# Visual Studio Version 17
VisualStudioVersion = 17.7.34009.444
MinimumVisualStudioVersion = 10.0.40219.1
Project("{FAE04EC0-301F-11D3-BF4B-00C04F79EFBC}") = "SchoolHRAdministration", "SchoolHRAdministration\SchoolHRAdministration.csproj", "{9DD87C2E-F11A-46A4-B9B5-2143FE2A3417}"
EndProject
Project("{FAE04EC0-301F-11D3-BF4B-00C04F79EFBC}") = "HRAdministrationAPI", "HRAdministrationAPI\HRAdministrationAPI.csproj", "{647EB576-FAC4-4A9D-967E-8EA3DD38A8BF}"
EndProject
Global
	GlobalSection(SolutionConfigurationPlatforms) = preSolution
		Debug|Any CPU = Debug|Any CPU
		Release|Any CPU = Release|Any CPU
	EndGlobalSection
	GlobalSection(ProjectConfigurationPlatforms) = postSolution
		{9DD87C2E-F11A-46A4-B9B5-2143FE2A3417}.Debug|Any CPU.ActiveCfg = Debug|Any CPU
		{9DD87C2E-F11A-46A4-B9B5-2143FE2A3417}.Debug|Any CPU.Build.0 = Debug|Any CPU
		{9DD87C2E-F11A-46A4-B9B5-2143FE2A3417}.Release|Any CPU.ActiveCfg = Release|Any CPU
		{9DD87C2E-F11A-46A4-B9B5-2143FE2A3417}.Release|Any CPU.Build.0 = Release|Any CPU
		{647EB576-FAC4-4A9D-967E-8EA3DD38A8BF}.Debug|Any CPU.ActiveCfg = Debug|Any CPU
		{647EB576-FAC4-4A9D-967E-8EA3DD38A8BF}.Debug|Any CPU.Build.0 = Debug|Any CPU
		{647EB576-FAC4-4A9D-967E-8EA3DD38A8BF}.Release|Any CPU.ActiveCfg = Release|Any CPU
		{647EB576-FAC4-4A9D-967E-8EA3DD38A8BF}.Release|Any CPU.Build.0 = Release|Any CPU
	EndGlobalSection
	GlobalSection(SolutionProperties) = preSolution
		HideSolutionNode = FALSE
	EndGlobalSection
	GlobalSection(ExtensibilityGlobals) = postSolution
		SolutionGuid = {7A8123CB-A5BE-498C-824D-B6131D9D6E7C}
	EndGlobalSection
EndGlobal
